
Microsoft Visual Studio Solution File, Format Version 12.00
# Visual Studio 15
VisualStudioVersion = 15.0.28010.2036
MinimumVisualStudioVersion = 10.0.40219.1
Project("{FAE04EC0-301F-11D3-BF4B-00C04F79EFBC}") = "RetroVirtualCockpit.Client", "RetroVirtualCockpit.Client\RetroVirtualCockpit.Client.csproj", "{353C8E99-23A2-481A-B849-E5E792CD636B}"
EndProject
Project("{FAE04EC0-301F-11D3-BF4B-00C04F79EFBC}") = "RetroVirtualCockpit.Web", "RetroVirtualCockpit.Web\RetroVirtualCockpit.Web.csproj", "{41A4B6B8-F4AE-4A02-BF88-86B5E04FBB91}"
EndProject
Global
	GlobalSection(SolutionConfigurationPlatforms) = preSolution
		Debug|Any CPU = Debug|Any CPU
		Release|Any CPU = Release|Any CPU
	EndGlobalSection
	GlobalSection(ProjectConfigurationPlatforms) = postSolution
		{353C8E99-23A2-481A-B849-E5E792CD636B}.Debug|Any CPU.ActiveCfg = Debug|Any CPU
		{353C8E99-23A2-481A-B849-E5E792CD636B}.Debug|Any CPU.Build.0 = Debug|Any CPU
		{353C8E99-23A2-481A-B849-E5E792CD636B}.Release|Any CPU.ActiveCfg = Release|Any CPU
		{353C8E99-23A2-481A-B849-E5E792CD636B}.Release|Any CPU.Build.0 = Release|Any CPU
		{41A4B6B8-F4AE-4A02-BF88-86B5E04FBB91}.Debug|Any CPU.ActiveCfg = Debug|Any CPU
		{41A4B6B8-F4AE-4A02-BF88-86B5E04FBB91}.Debug|Any CPU.Build.0 = Debug|Any CPU
		{41A4B6B8-F4AE-4A02-BF88-86B5E04FBB91}.Release|Any CPU.ActiveCfg = Release|Any CPU
		{41A4B6B8-F4AE-4A02-BF88-86B5E04FBB91}.Release|Any CPU.Build.0 = Release|Any CPU
	EndGlobalSection
	GlobalSection(SolutionProperties) = preSolution
		HideSolutionNode = FALSE
	EndGlobalSection
	GlobalSection(ExtensibilityGlobals) = postSolution
		SolutionGuid = {122E14D1-CFFF-4BFD-AFD5-5DF4BF11604C}
	EndGlobalSection
EndGlobal
